
Microsoft Visual Studio Solution File, Format Version 12.00
# Visual Studio Version 16
VisualStudioVersion = 16.0.30621.155
MinimumVisualStudioVersion = 10.0.40219.1
Project("{FAE04EC0-301F-11D3-BF4B-00C04F79EFBC}") = "FusionAPI-WPF-CSharp", "FusionAPI-WPF-CSharp\FusionAPI-WPF-CSharp.csproj", "{5DFD79EB-495E-4CF9-B057-2219FF06A174}"
EndProject
Global
	GlobalSection(SolutionConfigurationPlatforms) = preSolution
		Debug|Any CPU = Debug|Any CPU
		Release|Any CPU = Release|Any CPU
	EndGlobalSection
	GlobalSection(ProjectConfigurationPlatforms) = postSolution
		{5DFD79EB-495E-4CF9-B057-2219FF06A174}.Debug|Any CPU.ActiveCfg = Debug|Any CPU
		{5DFD79EB-495E-4CF9-B057-2219FF06A174}.Debug|Any CPU.Build.0 = Debug|Any CPU
		{5DFD79EB-495E-4CF9-B057-2219FF06A174}.Release|Any CPU.ActiveCfg = Release|Any CPU
		{5DFD79EB-495E-4CF9-B057-2219FF06A174}.Release|Any CPU.Build.0 = Release|Any CPU
	EndGlobalSection
	GlobalSection(SolutionProperties) = preSolution
		HideSolutionNode = FALSE
	EndGlobalSection
	GlobalSection(ExtensibilityGlobals) = postSolution
		SolutionGuid = {FB4FB966-4FCC-4952-B745-0FF3CC017CEF}
	EndGlobalSection
EndGlobal
